// !$*UTF8*$!
{
	archiveVersion = 1;
	classes = {
	};
	objectVersion = 50;
	objects = {

/* Begin PBXBuildFile section */
		ED794E5E2433D2EB0039066B /* mysqlConnector.cpp in Sources */ = {isa = PBXBuildFile; fileRef = ED794E5C2433D2EB0039066B /* mysqlConnector.cpp */; };
		EDF198CE24334568005BF25D /* main.cpp in Sources */ = {isa = PBXBuildFile; fileRef = EDF198CD24334568005BF25D /* main.cpp */; };
/* End PBXBuildFile section */

/* Begin PBXCopyFilesBuildPhase section */
		EDF198C824334568005BF25D /* CopyFiles */ = {
			isa = PBXCopyFilesBuildPhase;
			buildActionMask = 2147483647;
			dstPath = /usr/share/man/man1/;
			dstSubfolderSpec = 0;
			files = (
			);
			runOnlyForDeploymentPostprocessing = 1;
		};
/* End PBXCopyFilesBuildPhase section */

/* Begin PBXFileReference section */
		ED794E5C2433D2EB0039066B /* mysqlConnector.cpp */ = {isa = PBXFileReference; lastKnownFileType = sourcecode.cpp.cpp; path = mysqlConnector.cpp; sourceTree = "<group>"; };
		ED794E5D2433D2EB0039066B /* mysqlConnector.hpp */ = {isa = PBXFileReference; lastKnownFileType = sourcecode.cpp.h; path = mysqlConnector.hpp; sourceTree = "<group>"; };
		EDF198CA24334568005BF25D /* cppAdvanced */ = {isa = PBXFileReference; explicitFileType = "compiled.mach-o.executable"; includeInIndex = 0; path = cppAdvanced; sourceTree = BUILT_PRODUCTS_DIR; };
		EDF198CD24334568005BF25D /* main.cpp */ = {isa = PBXFileReference; lastKnownFileType = sourcecode.cpp.cpp; path = main.cpp; sourceTree = "<group>"; };
/* End PBXFileReference section */

/* Begin PBXFrameworksBuildPhase section */
		EDF198C724334568005BF25D /* Frameworks */ = {
			isa = PBXFrameworksBuildPhase;
			buildActionMask = 2147483647;
			files = (
			);
			runOnlyForDeploymentPostprocessing = 0;
		};
/* End PBXFrameworksBuildPhase section */

/* Begin PBXGroup section */
		EDF198C124334568005BF25D = {
			isa = PBXGroup;
			children = (
				EDF198CC24334568005BF25D /* cppAdvanced */,
				EDF198CB24334568005BF25D /* Products */,
			);
			sourceTree = "<group>";
		};
		EDF198CB24334568005BF25D /* Products */ = {
			isa = PBXGroup;
			children = (
				EDF198CA24334568005BF25D /* cppAdvanced */,
			);
			name = Products;
			sourceTree = "<group>";
		};
		EDF198CC24334568005BF25D /* cppAdvanced */ = {
			isa = PBXGroup;
			children = (
				EDF198CD24334568005BF25D /* main.cpp */,
				ED794E5C2433D2EB0039066B /* mysqlConnector.cpp */,
				ED794E5D2433D2EB0039066B /* mysqlConnector.hpp */,
			);
			path = cppAdvanced;
			sourceTree = "<group>";
		};
/* End PBXGroup section */

/* Begin PBXNativeTarget section */
		EDF198C924334568005BF25D /* cppAdvanced */ = {
			isa = PBXNativeTarget;
			buildConfigurationList = EDF198D124334568005BF25D /* Build configuration list for PBXNativeTarget "cppAdvanced" */;
			buildPhases = (
				EDF198C624334568005BF25D /* Sources */,
				EDF198C724334568005BF25D /* Frameworks */,
				EDF198C824334568005BF25D /* CopyFiles */,
			);
			buildRules = (
			);
			dependencies = (
			);
			name = cppAdvanced;
			productName = cppAdvanced;
			productReference = EDF198CA24334568005BF25D /* cppAdvanced */;
			productType = "com.apple.product-type.tool";
		};
/* End PBXNativeTarget section */

/* Begin PBXProject section */
		EDF198C224334568005BF25D /* Project object */ = {
			isa = PBXProject;
			attributes = {
				LastUpgradeCheck = 1140;
				ORGANIZATIONNAME = "Gábor Horváth";
				TargetAttributes = {
					EDF198C924334568005BF25D = {
						CreatedOnToolsVersion = 11.4;
					};
				};
			};
			buildConfigurationList = EDF198C524334568005BF25D /* Build configuration list for PBXProject "cppAdvanced" */;
			compatibilityVersion = "Xcode 9.3";
			developmentRegion = en;
			hasScannedForEncodings = 0;
			knownRegions = (
				en,
				Base,
			);
			mainGroup = EDF198C124334568005BF25D;
			productRefGroup = EDF198CB24334568005BF25D /* Products */;
			projectDirPath = "";
			projectRoot = "";
			targets = (
				EDF198C924334568005BF25D /* cppAdvanced */,
			);
		};
/* End PBXProject section */

/* Begin PBXSourcesBuildPhase section */
		EDF198C624334568005BF25D /* Sources */ = {
			isa = PBXSourcesBuildPhase;
			buildActionMask = 2147483647;
			files = (
				ED794E5E2433D2EB0039066B /* mysqlConnector.cpp in Sources */,
				EDF198CE24334568005BF25D /* main.cpp in Sources */,
			);
			runOnlyForDeploymentPostprocessing = 0;
		};
/* End PBXSourcesBuildPhase section */

/* Begin XCBuildConfiguration section */
		EDF198CF24334568005BF25D /* Debug */ = {
			isa = XCBuildConfiguration;
			buildSettings = {
				ALWAYS_SEARCH_USER_PATHS = NO;
				CLANG_ANALYZER_NONNULL = YES;
				CLANG_ANALYZER_NUMBER_OBJECT_CONVERSION = YES_AGGRESSIVE;
				CLANG_CXX_LANGUAGE_STANDARD = "gnu++14";
				CLANG_CXX_LIBRARY = "libc++";
				CLANG_ENABLE_MODULES = YES;
				CLANG_ENABLE_OBJC_ARC = YES;
				CLANG_ENABLE_OBJC_WEAK = YES;
				CLANG_WARN_BLOCK_CAPTURE_AUTORELEASING = YES;
				CLANG_WARN_BOOL_CONVERSION = YES;
				CLANG_WARN_COMMA = YES;
				CLANG_WARN_CONSTANT_CONVERSION = YES;
				CLANG_WARN_DEPRECATED_OBJC_IMPLEMENTATIONS = YES;
				CLANG_WARN_DIRECT_OBJC_ISA_USAGE = YES_ERROR;
				CLANG_WARN_DOCUMENTATION_COMMENTS = YES;
				CLANG_WARN_EMPTY_BODY = YES;
				CLANG_WARN_ENUM_CONVERSION = YES;
				CLANG_WARN_INFINITE_RECURSION = YES;
				CLANG_WARN_INT_CONVERSION = YES;
				CLANG_WARN_NON_LITERAL_NULL_CONVERSION = YES;
				CLANG_WARN_OBJC_IMPLICIT_RETAIN_SELF = YES;
				CLANG_WARN_OBJC_LITERAL_CONVERSION = YES;
				CLANG_WARN_OBJC_ROOT_CLASS = YES_ERROR;
				CLANG_WARN_RANGE_LOOP_ANALYSIS = YES;
				CLANG_WARN_STRICT_PROTOTYPES = YES;
				CLANG_WARN_SUSPICIOUS_MOVE = YES;
				CLANG_WARN_UNGUARDED_AVAILABILITY = YES_AGGRESSIVE;
				CLANG_WARN_UNREACHABLE_CODE = YES;
				CLANG_WARN__DUPLICATE_METHOD_MATCH = YES;
				COPY_PHASE_STRIP = NO;
				DEBUG_INFORMATION_FORMAT = dwarf;
				ENABLE_STRICT_OBJC_MSGSEND = YES;
				ENABLE_TESTABILITY = YES;
				GCC_C_LANGUAGE_STANDARD = gnu11;
				GCC_DYNAMIC_NO_PIC = NO;
				GCC_NO_COMMON_BLOCKS = YES;
				GCC_OPTIMIZATION_LEVEL = 0;
				GCC_PREPROCESSOR_DEFINITIONS = (
					"DEBUG=1",
					"$(inherited)",
				);
				GCC_WARN_64_TO_32_BIT_CONVERSION = YES;
				GCC_WARN_ABOUT_RETURN_TYPE = YES_ERROR;
				GCC_WARN_UNDECLARED_SELECTOR = YES;
				GCC_WARN_UNINITIALIZED_AUTOS = YES_AGGRESSIVE;
				GCC_WARN_UNUSED_FUNCTION = YES;
				GCC_WARN_UNUSED_VARIABLE = YES;
				MACOSX_DEPLOYMENT_TARGET = 10.15;
				MTL_ENABLE_DEBUG_INFO = INCLUDE_SOURCE;
				MTL_FAST_MATH = YES;
				ONLY_ACTIVE_ARCH = YES;
				SDKROOT = macosx;
			};
			name = Debug;
		};
		EDF198D024334568005BF25D /* Release */ = {
			isa = XCBuildConfiguration;
			buildSettings = {
				ALWAYS_SEARCH_USER_PATHS = NO;
				CLANG_ANALYZER_NONNULL = YES;
				CLANG_ANALYZER_NUMBER_OBJECT_CONVERSION = YES_AGGRESSIVE;
				CLANG_CXX_LANGUAGE_STANDARD = "gnu++14";
				CLANG_CXX_LIBRARY = "libc++";
				CLANG_ENABLE_MODULES = YES;
				CLANG_ENABLE_OBJC_ARC = YES;
				CLANG_ENABLE_OBJC_WEAK = YES;
				CLANG_WARN_BLOCK_CAPTURE_AUTORELEASING = YES;
				CLANG_WARN_BOOL_CONVERSION = YES;
				CLANG_WARN_COMMA = YES;
				CLANG_WARN_CONSTANT_CONVERSION = YES;
				CLANG_WARN_DEPRECATED_OBJC_IMPLEMENTATIONS = YES;
				CLANG_WARN_DIRECT_OBJC_ISA_USAGE = YES_ERROR;
				CLANG_WARN_DOCUMENTATION_COMMENTS = YES;
				CLANG_WARN_EMPTY_BODY = YES;
				CLANG_WARN_ENUM_CONVERSION = YES;
				CLANG_WARN_INFINITE_RECURSION = YES;
				CLANG_WARN_INT_CONVERSION = YES;
				CLANG_WARN_NON_LITERAL_NULL_CONVERSION = YES;
				CLANG_WARN_OBJC_IMPLICIT_RETAIN_SELF = YES;
				CLANG_WARN_OBJC_LITERAL_CONVERSION = YES;
				CLANG_WARN_OBJC_ROOT_CLASS = YES_ERROR;
				CLANG_WARN_RANGE_LOOP_ANALYSIS = YES;
				CLANG_WARN_STRICT_PROTOTYPES = YES;
				CLANG_WARN_SUSPICIOUS_MOVE = YES;
				CLANG_WARN_UNGUARDED_AVAILABILITY = YES_AGGRESSIVE;
				CLANG_WARN_UNREACHABLE_CODE = YES;
				CLANG_WARN__DUPLICATE_METHOD_MATCH = YES;
				COPY_PHASE_STRIP = NO;
				DEBUG_INFORMATION_FORMAT = "dwarf-with-dsym";
				ENABLE_NS_ASSERTIONS = NO;
				ENABLE_STRICT_OBJC_MSGSEND = YES;
				GCC_C_LANGUAGE_STANDARD = gnu11;
				GCC_NO_COMMON_BLOCKS = YES;
				GCC_WARN_64_TO_32_BIT_CONVERSION = YES;
				GCC_WARN_ABOUT_RETURN_TYPE = YES_ERROR;
				GCC_WARN_UNDECLARED_SELECTOR = YES;
				GCC_WARN_UNINITIALIZED_AUTOS = YES_AGGRESSIVE;
				GCC_WARN_UNUSED_FUNCTION = YES;
				GCC_WARN_UNUSED_VARIABLE = YES;
				MACOSX_DEPLOYMENT_TARGET = 10.15;
				MTL_ENABLE_DEBUG_INFO = NO;
				MTL_FAST_MATH = YES;
				SDKROOT = macosx;
			};
			name = Release;
		};
		EDF198D224334568005BF25D /* Debug */ = {
			isa = XCBuildConfiguration;
			buildSettings = {
				CLANG_CXX_LANGUAGE_STANDARD = "gnu++17";
				CLANG_CXX_LIBRARY = "libc++";
				CODE_SIGN_STYLE = Automatic;
				DEVELOPMENT_TEAM = 4Z2C9DLGR5;
				ENABLE_HARDENED_RUNTIME = YES;
				HEADER_SEARCH_PATHS = (
					"/usr/local/mysql-connector-c++-8.0.19/include",
					/usr/local/Cellar/boost/1.72.0_1/include,
				);
				LD_RUNPATH_SEARCH_PATHS = "/usr/local/mysql-connector-c++-8.0.19/lib64";
				LIBRARY_SEARCH_PATHS = "/usr/local/mysql-connector-c++-8.0.19/lib64";
				OTHER_LDFLAGS = "-lmysqlcppconn";
				PRODUCT_NAME = "$(TARGET_NAME)";
			};
			name = Debug;
		};
		EDF198D324334568005BF25D /* Release */ = {
			isa = XCBuildConfiguration;
			buildSettings = {
				CLANG_CXX_LANGUAGE_STANDARD = "gnu++17";
				CLANG_CXX_LIBRARY = "libc++";
				CODE_SIGN_STYLE = Automatic;
				DEVELOPMENT_TEAM = 4Z2C9DLGR5;
				ENABLE_HARDENED_RUNTIME = YES;
				HEADER_SEARCH_PATHS = (
					"/usr/local/mysql-connector-c++-8.0.19/include",
					/usr/local/Cellar/boost/1.72.0_1/include,
				);
				LD_RUNPATH_SEARCH_PATHS = "/usr/local/mysql-connector-c++-8.0.19/lib64";
				LIBRARY_SEARCH_PATHS = "/usr/local/mysql-connector-c++-8.0.19/lib64";
				OTHER_LDFLAGS = "-lmysqlcppconn";
				PRODUCT_NAME = "$(TARGET_NAME)";
			};
			name = Release;
		};
/* End XCBuildConfiguration section */

/* Begin XCConfigurationList section */
		EDF198C524334568005BF25D /* Build configuration list for PBXProject "cppAdvanced" */ = {
			isa = XCConfigurationList;
			buildConfigurations = (
				EDF198CF24334568005BF25D /* Debug */,
				EDF198D024334568005BF25D /* Release */,
			);
			defaultConfigurationIsVisible = 0;
			defaultConfigurationName = Release;
		};
		EDF198D124334568005BF25D /* Build configuration list for PBXNativeTarget "cppAdvanced" */ = {
			isa = XCConfigurationList;
			buildConfigurations = (
				EDF198D224334568005BF25D /* Debug */,
				EDF198D324334568005BF25D /* Release */,
			);
			defaultConfigurationIsVisible = 0;
			defaultConfigurationName = Release;
		};
/* End XCConfigurationList section */
	};
	rootObject = EDF198C224334568005BF25D /* Project object */;
}
